
Microsoft Visual Studio Solution File, Format Version 12.00
# Visual Studio Version 17
VisualStudioVersion = 17.0.31903.59
MinimumVisualStudioVersion = 10.0.40219.1
Project("{FAE04EC0-301F-11D3-BF4B-00C04F79EFBC}") = "BuildManager.core", "BuildManager.core\BuildManager.core.csproj", "{8E81A6B1-6F64-4AD8-96EF-B639704E6118}"
EndProject
Project("{FAE04EC0-301F-11D3-BF4B-00C04F79EFBC}") = "BuildManager.API", "BuildManager.API\BuildManager.API.csproj", "{CAE952C9-C120-4043-B664-1B5EC3A6D080}"
EndProject
Project("{FAE04EC0-301F-11D3-BF4B-00C04F79EFBC}") = "BuildManager.UI", "BuildManager.UI\BuildManager.UI.csproj", "{89BE29F5-BA94-4F1C-90E8-A2FBF605BD4F}"
EndProject
Global
	GlobalSection(SolutionConfigurationPlatforms) = preSolution
		Debug|Any CPU = Debug|Any CPU
		Debug|x64 = Debug|x64
		Debug|x86 = Debug|x86
		Release|Any CPU = Release|Any CPU
		Release|x64 = Release|x64
		Release|x86 = Release|x86
	EndGlobalSection
	GlobalSection(ProjectConfigurationPlatforms) = postSolution
		{8E81A6B1-6F64-4AD8-96EF-B639704E6118}.Debug|Any CPU.ActiveCfg = Debug|Any CPU
		{8E81A6B1-6F64-4AD8-96EF-B639704E6118}.Debug|Any CPU.Build.0 = Debug|Any CPU
		{8E81A6B1-6F64-4AD8-96EF-B639704E6118}.Debug|x64.ActiveCfg = Debug|Any CPU
		{8E81A6B1-6F64-4AD8-96EF-B639704E6118}.Debug|x64.Build.0 = Debug|Any CPU
		{8E81A6B1-6F64-4AD8-96EF-B639704E6118}.Debug|x86.ActiveCfg = Debug|Any CPU
		{8E81A6B1-6F64-4AD8-96EF-B639704E6118}.Debug|x86.Build.0 = Debug|Any CPU
		{8E81A6B1-6F64-4AD8-96EF-B639704E6118}.Release|Any CPU.ActiveCfg = Release|Any CPU
		{8E81A6B1-6F64-4AD8-96EF-B639704E6118}.Release|Any CPU.Build.0 = Release|Any CPU
		{8E81A6B1-6F64-4AD8-96EF-B639704E6118}.Release|x64.ActiveCfg = Release|Any CPU
		{8E81A6B1-6F64-4AD8-96EF-B639704E6118}.Release|x64.Build.0 = Release|Any CPU
		{8E81A6B1-6F64-4AD8-96EF-B639704E6118}.Release|x86.ActiveCfg = Release|Any CPU
		{8E81A6B1-6F64-4AD8-96EF-B639704E6118}.Release|x86.Build.0 = Release|Any CPU
		{CAE952C9-C120-4043-B664-1B5EC3A6D080}.Debug|Any CPU.ActiveCfg = Debug|Any CPU
		{CAE952C9-C120-4043-B664-1B5EC3A6D080}.Debug|Any CPU.Build.0 = Debug|Any CPU
		{CAE952C9-C120-4043-B664-1B5EC3A6D080}.Debug|x64.ActiveCfg = Debug|Any CPU
		{CAE952C9-C120-4043-B664-1B5EC3A6D080}.Debug|x64.Build.0 = Debug|Any CPU
		{CAE952C9-C120-4043-B664-1B5EC3A6D080}.Debug|x86.ActiveCfg = Debug|Any CPU
		{CAE952C9-C120-4043-B664-1B5EC3A6D080}.Debug|x86.Build.0 = Debug|Any CPU
		{CAE952C9-C120-4043-B664-1B5EC3A6D080}.Release|Any CPU.ActiveCfg = Release|Any CPU
		{CAE952C9-C120-4043-B664-1B5EC3A6D080}.Release|Any CPU.Build.0 = Release|Any CPU
		{CAE952C9-C120-4043-B664-1B5EC3A6D080}.Release|x64.ActiveCfg = Release|Any CPU
		{CAE952C9-C120-4043-B664-1B5EC3A6D080}.Release|x64.Build.0 = Release|Any CPU
		{CAE952C9-C120-4043-B664-1B5EC3A6D080}.Release|x86.ActiveCfg = Release|Any CPU
		{CAE952C9-C120-4043-B664-1B5EC3A6D080}.Release|x86.Build.0 = Release|Any CPU
		{89BE29F5-BA94-4F1C-90E8-A2FBF605BD4F}.Debug|Any CPU.ActiveCfg = Debug|Any CPU
		{89BE29F5-BA94-4F1C-90E8-A2FBF605BD4F}.Debug|Any CPU.Build.0 = Debug|Any CPU
		{89BE29F5-BA94-4F1C-90E8-A2FBF605BD4F}.Debug|x64.ActiveCfg = Debug|Any CPU
		{89BE29F5-BA94-4F1C-90E8-A2FBF605BD4F}.Debug|x64.Build.0 = Debug|Any CPU
		{89BE29F5-BA94-4F1C-90E8-A2FBF605BD4F}.Debug|x86.ActiveCfg = Debug|Any CPU
		{89BE29F5-BA94-4F1C-90E8-A2FBF605BD4F}.Debug|x86.Build.0 = Debug|Any CPU
		{89BE29F5-BA94-4F1C-90E8-A2FBF605BD4F}.Release|Any CPU.ActiveCfg = Release|Any CPU
		{89BE29F5-BA94-4F1C-90E8-A2FBF605BD4F}.Release|Any CPU.Build.0 = Release|Any CPU
		{89BE29F5-BA94-4F1C-90E8-A2FBF605BD4F}.Release|x64.ActiveCfg = Release|Any CPU
		{89BE29F5-BA94-4F1C-90E8-A2FBF605BD4F}.Release|x64.Build.0 = Release|Any CPU
		{89BE29F5-BA94-4F1C-90E8-A2FBF605BD4F}.Release|x86.ActiveCfg = Release|Any CPU
		{89BE29F5-BA94-4F1C-90E8-A2FBF605BD4F}.Release|x86.Build.0 = Release|Any CPU
	EndGlobalSection
	GlobalSection(SolutionProperties) = preSolution
		HideSolutionNode = FALSE
	EndGlobalSection
EndGlobal
